
Microsoft Visual Studio Solution File, Format Version 12.00
# Visual Studio 14
VisualStudioVersion = 14.0.25420.1
MinimumVisualStudioVersion = 10.0.40219.1
Project("{8BC9CEB8-8B4A-11D0-8D11-00A0C91BC942}") = "Ex01_1", "Ex01_1\Ex01_1.vcxproj", "{D9EFAF5E-23BE-4B56-A862-91DF8D56C166}"
EndProject
Project("{8BC9CEB8-8B4A-11D0-8D11-00A0C91BC942}") = "Ex02_2", "Ex02_2\Ex02_2.vcxproj", "{4059B95F-7BBE-4654-8F1C-08E9581B4CD3}"
EndProject
Project("{8BC9CEB8-8B4A-11D0-8D11-00A0C91BC942}") = "Lec02_3_Ex1", "Lec02_3_Ex1\Lec02_3_Ex1.vcxproj", "{EEBD2337-7463-497D-8D2E-0FC114CE0890}"
EndProject
Project("{8BC9CEB8-8B4A-11D0-8D11-00A0C91BC942}") = "Lec02_3_Ex2", "Lec02_3_Ex2\Lec02_3_Ex2.vcxproj", "{D220F9B3-41B4-4460-A187-F1B7020B91C8}"
EndProject
Project("{8BC9CEB8-8B4A-11D0-8D11-00A0C91BC942}") = "Lec02_3_Ex3", "Lec02_3_Ex3\Lec02_3_Ex3.vcxproj", "{2F2A08DF-3F31-4ABE-A206-ABA8411E36F0}"
EndProject
Project("{8BC9CEB8-8B4A-11D0-8D11-00A0C91BC942}") = "Lec02_3_Ex4", "Lec02_3_Ex4\Lec02_3_Ex4.vcxproj", "{6FF9D4C9-E3D8-49EE-B4EA-2D34E1D629DA}"
EndProject
Project("{8BC9CEB8-8B4A-11D0-8D11-00A0C91BC942}") = "Lec02_4_Ex1", "Lec02_4_Ex1\Lec02_4_Ex1.vcxproj", "{03FC18A4-A353-4902-8318-976C60F21C2A}"
EndProject
Project("{8BC9CEB8-8B4A-11D0-8D11-00A0C91BC942}") = "Lec02_4_Ex2", "Lec02_4_Ex2\Lec02_4_Ex2.vcxproj", "{570CA370-529D-4DE3-87D8-934185BE35A3}"
EndProject
Project("{8BC9CEB8-8B4A-11D0-8D11-00A0C91BC942}") = "Lec02_4_Ex3", "Lec02_4_Ex3\Lec02_4_Ex3.vcxproj", "{AC7A25B6-5D40-41E8-AAF0-5D51DB8CAAE3}"
EndProject
Global
	GlobalSection(SolutionConfigurationPlatforms) = preSolution
		Debug|x64 = Debug|x64
		Debug|x86 = Debug|x86
		Release|x64 = Release|x64
		Release|x86 = Release|x86
	EndGlobalSection
	GlobalSection(ProjectConfigurationPlatforms) = postSolution
		{D9EFAF5E-23BE-4B56-A862-91DF8D56C166}.Debug|x64.ActiveCfg = Debug|x64
		{D9EFAF5E-23BE-4B56-A862-91DF8D56C166}.Debug|x64.Build.0 = Debug|x64
		{D9EFAF5E-23BE-4B56-A862-91DF8D56C166}.Debug|x86.ActiveCfg = Debug|Win32
		{D9EFAF5E-23BE-4B56-A862-91DF8D56C166}.Debug|x86.Build.0 = Debug|Win32
		{D9EFAF5E-23BE-4B56-A862-91DF8D56C166}.Release|x64.ActiveCfg = Release|x64
		{D9EFAF5E-23BE-4B56-A862-91DF8D56C166}.Release|x64.Build.0 = Release|x64
		{D9EFAF5E-23BE-4B56-A862-91DF8D56C166}.Release|x86.ActiveCfg = Release|Win32
		{D9EFAF5E-23BE-4B56-A862-91DF8D56C166}.Release|x86.Build.0 = Release|Win32
		{4059B95F-7BBE-4654-8F1C-08E9581B4CD3}.Debug|x64.ActiveCfg = Debug|x64
		{4059B95F-7BBE-4654-8F1C-08E9581B4CD3}.Debug|x64.Build.0 = Debug|x64
		{4059B95F-7BBE-4654-8F1C-08E9581B4CD3}.Debug|x86.ActiveCfg = Debug|Win32
		{4059B95F-7BBE-4654-8F1C-08E9581B4CD3}.Debug|x86.Build.0 = Debug|Win32
		{4059B95F-7BBE-4654-8F1C-08E9581B4CD3}.Release|x64.ActiveCfg = Release|x64
		{4059B95F-7BBE-4654-8F1C-08E9581B4CD3}.Release|x64.Build.0 = Release|x64
		{4059B95F-7BBE-4654-8F1C-08E9581B4CD3}.Release|x86.ActiveCfg = Release|Win32
		{4059B95F-7BBE-4654-8F1C-08E9581B4CD3}.Release|x86.Build.0 = Release|Win32
		{EEBD2337-7463-497D-8D2E-0FC114CE0890}.Debug|x64.ActiveCfg = Debug|x64
		{EEBD2337-7463-497D-8D2E-0FC114CE0890}.Debug|x64.Build.0 = Debug|x64
		{EEBD2337-7463-497D-8D2E-0FC114CE0890}.Debug|x86.ActiveCfg = Debug|Win32
		{EEBD2337-7463-497D-8D2E-0FC114CE0890}.Debug|x86.Build.0 = Debug|Win32
		{EEBD2337-7463-497D-8D2E-0FC114CE0890}.Release|x64.ActiveCfg = Release|x64
		{EEBD2337-7463-497D-8D2E-0FC114CE0890}.Release|x64.Build.0 = Release|x64
		{EEBD2337-7463-497D-8D2E-0FC114CE0890}.Release|x86.ActiveCfg = Release|Win32
		{EEBD2337-7463-497D-8D2E-0FC114CE0890}.Release|x86.Build.0 = Release|Win32
		{D220F9B3-41B4-4460-A187-F1B7020B91C8}.Debug|x64.ActiveCfg = Debug|x64
		{D220F9B3-41B4-4460-A187-F1B7020B91C8}.Debug|x64.Build.0 = Debug|x64
		{D220F9B3-41B4-4460-A187-F1B7020B91C8}.Debug|x86.ActiveCfg = Debug|Win32
		{D220F9B3-41B4-4460-A187-F1B7020B91C8}.Debug|x86.Build.0 = Debug|Win32
		{D220F9B3-41B4-4460-A187-F1B7020B91C8}.Release|x64.ActiveCfg = Release|x64
		{D220F9B3-41B4-4460-A187-F1B7020B91C8}.Release|x64.Build.0 = Release|x64
		{D220F9B3-41B4-4460-A187-F1B7020B91C8}.Release|x86.ActiveCfg = Release|Win32
		{D220F9B3-41B4-4460-A187-F1B7020B91C8}.Release|x86.Build.0 = Release|Win32
		{2F2A08DF-3F31-4ABE-A206-ABA8411E36F0}.Debug|x64.ActiveCfg = Debug|x64
		{2F2A08DF-3F31-4ABE-A206-ABA8411E36F0}.Debug|x64.Build.0 = Debug|x64
		{2F2A08DF-3F31-4ABE-A206-ABA8411E36F0}.Debug|x86.ActiveCfg = Debug|Win32
		{2F2A08DF-3F31-4ABE-A206-ABA8411E36F0}.Debug|x86.Build.0 = Debug|Win32
		{2F2A08DF-3F31-4ABE-A206-ABA8411E36F0}.Release|x64.ActiveCfg = Release|x64
		{2F2A08DF-3F31-4ABE-A206-ABA8411E36F0}.Release|x64.Build.0 = Release|x64
		{2F2A08DF-3F31-4ABE-A206-ABA8411E36F0}.Release|x86.ActiveCfg = Release|Win32
		{2F2A08DF-3F31-4ABE-A206-ABA8411E36F0}.Release|x86.Build.0 = Release|Win32
		{6FF9D4C9-E3D8-49EE-B4EA-2D34E1D629DA}.Debug|x64.ActiveCfg = Debug|x64
		{6FF9D4C9-E3D8-49EE-B4EA-2D34E1D629DA}.Debug|x64.Build.0 = Debug|x64
		{6FF9D4C9-E3D8-49EE-B4EA-2D34E1D629DA}.Debug|x86.ActiveCfg = Debug|Win32
		{6FF9D4C9-E3D8-49EE-B4EA-2D34E1D629DA}.Debug|x86.Build.0 = Debug|Win32
		{6FF9D4C9-E3D8-49EE-B4EA-2D34E1D629DA}.Release|x64.ActiveCfg = Release|x64
		{6FF9D4C9-E3D8-49EE-B4EA-2D34E1D629DA}.Release|x64.Build.0 = Release|x64
		{6FF9D4C9-E3D8-49EE-B4EA-2D34E1D629DA}.Release|x86.ActiveCfg = Release|Win32
		{6FF9D4C9-E3D8-49EE-B4EA-2D34E1D629DA}.Release|x86.Build.0 = Release|Win32
		{03FC18A4-A353-4902-8318-976C60F21C2A}.Debug|x64.ActiveCfg = Debug|x64
		{03FC18A4-A353-4902-8318-976C60F21C2A}.Debug|x64.Build.0 = Debug|x64
		{03FC18A4-A353-4902-8318-976C60F21C2A}.Debug|x86.ActiveCfg = Debug|Win32
		{03FC18A4-A353-4902-8318-976C60F21C2A}.Debug|x86.Build.0 = Debug|Win32
		{03FC18A4-A353-4902-8318-976C60F21C2A}.Release|x64.ActiveCfg = Release|x64
		{03FC18A4-A353-4902-8318-976C60F21C2A}.Release|x64.Build.0 = Release|x64
		{03FC18A4-A353-4902-8318-976C60F21C2A}.Release|x86.ActiveCfg = Release|Win32
		{03FC18A4-A353-4902-8318-976C60F21C2A}.Release|x86.Build.0 = Release|Win32
		{570CA370-529D-4DE3-87D8-934185BE35A3}.Debug|x64.ActiveCfg = Debug|x64
		{570CA370-529D-4DE3-87D8-934185BE35A3}.Debug|x64.Build.0 = Debug|x64
		{570CA370-529D-4DE3-87D8-934185BE35A3}.Debug|x86.ActiveCfg = Debug|Win32
		{570CA370-529D-4DE3-87D8-934185BE35A3}.Debug|x86.Build.0 = Debug|Win32
		{570CA370-529D-4DE3-87D8-934185BE35A3}.Release|x64.ActiveCfg = Release|x64
		{570CA370-529D-4DE3-87D8-934185BE35A3}.Release|x64.Build.0 = Release|x64
		{570CA370-529D-4DE3-87D8-934185BE35A3}.Release|x86.ActiveCfg = Release|Win32
		{570CA370-529D-4DE3-87D8-934185BE35A3}.Release|x86.Build.0 = Release|Win32
		{AC7A25B6-5D40-41E8-AAF0-5D51DB8CAAE3}.Debug|x64.ActiveCfg = Debug|x64
		{AC7A25B6-5D40-41E8-AAF0-5D51DB8CAAE3}.Debug|x64.Build.0 = Debug|x64
		{AC7A25B6-5D40-41E8-AAF0-5D51DB8CAAE3}.Debug|x86.ActiveCfg = Debug|Win32
		{AC7A25B6-5D40-41E8-AAF0-5D51DB8CAAE3}.Debug|x86.Build.0 = Debug|Win32
		{AC7A25B6-5D40-41E8-AAF0-5D51DB8CAAE3}.Release|x64.ActiveCfg = Release|x64
		{AC7A25B6-5D40-41E8-AAF0-5D51DB8CAAE3}.Release|x64.Build.0 = Release|x64
		{AC7A25B6-5D40-41E8-AAF0-5D51DB8CAAE3}.Release|x86.ActiveCfg = Release|Win32
		{AC7A25B6-5D40-41E8-AAF0-5D51DB8CAAE3}.Release|x86.Build.0 = Release|Win32
	EndGlobalSection
	GlobalSection(SolutionProperties) = preSolution
		HideSolutionNode = FALSE
	EndGlobalSection
EndGlobal
